
Microsoft Visual Studio Solution File, Format Version 12.00
# Visual Studio Version 17
VisualStudioVersion = 17.12.35521.163
MinimumVisualStudioVersion = 10.0.40219.1
Project("{FAE04EC0-301F-11D3-BF4B-00C04F79EFBC}") = "MinMaxAvg", "MinMaxAvg\MinMaxAvg.csproj", "{9D6338DF-E854-4537-A00F-6136D497F3E2}"
EndProject
Project("{FAE04EC0-301F-11D3-BF4B-00C04F79EFBC}") = "NumberedDays", "NumberedDays\NumberedDays.csproj", "{FD5A57D3-EFFA-4027-B8D9-E8884086A799}"
EndProject
Project("{FAE04EC0-301F-11D3-BF4B-00C04F79EFBC}") = "FahrenheitCelsiusConverter", "FahrenheitCelsiusConverter\FahrenheitCelsiusConverter.csproj", "{8AADCCCD-D61E-4F5A-ADEC-E498C29B97F7}"
EndProject
Project("{FAE04EC0-301F-11D3-BF4B-00C04F79EFBC}") = "ArraySorter", "ArraySorter\ArraySorter.csproj", "{71B1E61C-F614-4BB3-AC78-B4E19B9401C0}"
EndProject
Project("{FAE04EC0-301F-11D3-BF4B-00C04F79EFBC}") = "TriangleValidator", "TriangleValidator\TriangleValidator.csproj", "{6026B3BA-E7C9-47B7-8DCC-02BDD69D3F18}"
EndProject
Project("{FAE04EC0-301F-11D3-BF4B-00C04F79EFBC}") = "CalcOne", "CalcOne\CalcOne.csproj", "{B0364ACE-AA9B-4F57-9A63-050ED9B0589C}"
EndProject
Global
	GlobalSection(SolutionConfigurationPlatforms) = preSolution
		Debug|Any CPU = Debug|Any CPU
		Release|Any CPU = Release|Any CPU
	EndGlobalSection
	GlobalSection(ProjectConfigurationPlatforms) = postSolution
		{9D6338DF-E854-4537-A00F-6136D497F3E2}.Debug|Any CPU.ActiveCfg = Debug|Any CPU
		{9D6338DF-E854-4537-A00F-6136D497F3E2}.Debug|Any CPU.Build.0 = Debug|Any CPU
		{9D6338DF-E854-4537-A00F-6136D497F3E2}.Release|Any CPU.ActiveCfg = Release|Any CPU
		{9D6338DF-E854-4537-A00F-6136D497F3E2}.Release|Any CPU.Build.0 = Release|Any CPU
		{FD5A57D3-EFFA-4027-B8D9-E8884086A799}.Debug|Any CPU.ActiveCfg = Debug|Any CPU
		{FD5A57D3-EFFA-4027-B8D9-E8884086A799}.Debug|Any CPU.Build.0 = Debug|Any CPU
		{FD5A57D3-EFFA-4027-B8D9-E8884086A799}.Release|Any CPU.ActiveCfg = Release|Any CPU
		{FD5A57D3-EFFA-4027-B8D9-E8884086A799}.Release|Any CPU.Build.0 = Release|Any CPU
		{8AADCCCD-D61E-4F5A-ADEC-E498C29B97F7}.Debug|Any CPU.ActiveCfg = Debug|Any CPU
		{8AADCCCD-D61E-4F5A-ADEC-E498C29B97F7}.Debug|Any CPU.Build.0 = Debug|Any CPU
		{8AADCCCD-D61E-4F5A-ADEC-E498C29B97F7}.Release|Any CPU.ActiveCfg = Release|Any CPU
		{8AADCCCD-D61E-4F5A-ADEC-E498C29B97F7}.Release|Any CPU.Build.0 = Release|Any CPU
		{71B1E61C-F614-4BB3-AC78-B4E19B9401C0}.Debug|Any CPU.ActiveCfg = Debug|Any CPU
		{71B1E61C-F614-4BB3-AC78-B4E19B9401C0}.Debug|Any CPU.Build.0 = Debug|Any CPU
		{71B1E61C-F614-4BB3-AC78-B4E19B9401C0}.Release|Any CPU.ActiveCfg = Release|Any CPU
		{71B1E61C-F614-4BB3-AC78-B4E19B9401C0}.Release|Any CPU.Build.0 = Release|Any CPU
		{6026B3BA-E7C9-47B7-8DCC-02BDD69D3F18}.Debug|Any CPU.ActiveCfg = Debug|Any CPU
		{6026B3BA-E7C9-47B7-8DCC-02BDD69D3F18}.Debug|Any CPU.Build.0 = Debug|Any CPU
		{6026B3BA-E7C9-47B7-8DCC-02BDD69D3F18}.Release|Any CPU.ActiveCfg = Release|Any CPU
		{6026B3BA-E7C9-47B7-8DCC-02BDD69D3F18}.Release|Any CPU.Build.0 = Release|Any CPU
		{B0364ACE-AA9B-4F57-9A63-050ED9B0589C}.Debug|Any CPU.ActiveCfg = Debug|Any CPU
		{B0364ACE-AA9B-4F57-9A63-050ED9B0589C}.Debug|Any CPU.Build.0 = Debug|Any CPU
		{B0364ACE-AA9B-4F57-9A63-050ED9B0589C}.Release|Any CPU.ActiveCfg = Release|Any CPU
		{B0364ACE-AA9B-4F57-9A63-050ED9B0589C}.Release|Any CPU.Build.0 = Release|Any CPU
	EndGlobalSection
	GlobalSection(SolutionProperties) = preSolution
		HideSolutionNode = FALSE
	EndGlobalSection
EndGlobal
